
Microsoft Visual Studio Solution File, Format Version 12.00
# Visual Studio Version 16
VisualStudioVersion = 16.0.30804.86
MinimumVisualStudioVersion = 10.0.40219.1
Project("{FAE04EC0-301F-11D3-BF4B-00C04F79EFBC}") = "School.API", "School.API\School.API.csproj", "{294C3A02-A867-4961-977B-17CF92A92F7B}"
EndProject
Global
	GlobalSection(SolutionConfigurationPlatforms) = preSolution
		Debug|Any CPU = Debug|Any CPU
		Release|Any CPU = Release|Any CPU
	EndGlobalSection
	GlobalSection(ProjectConfigurationPlatforms) = postSolution
		{294C3A02-A867-4961-977B-17CF92A92F7B}.Debug|Any CPU.ActiveCfg = Debug|Any CPU
		{294C3A02-A867-4961-977B-17CF92A92F7B}.Debug|Any CPU.Build.0 = Debug|Any CPU
		{294C3A02-A867-4961-977B-17CF92A92F7B}.Release|Any CPU.ActiveCfg = Release|Any CPU
		{294C3A02-A867-4961-977B-17CF92A92F7B}.Release|Any CPU.Build.0 = Release|Any CPU
	EndGlobalSection
	GlobalSection(SolutionProperties) = preSolution
		HideSolutionNode = FALSE
	EndGlobalSection
	GlobalSection(ExtensibilityGlobals) = postSolution
		SolutionGuid = {664F5E51-C7CC-4688-AF0D-F77AC6E9A0B1}
	EndGlobalSection
EndGlobal
